
Microsoft Visual Studio Solution File, Format Version 12.00
# Visual Studio Version 16
VisualStudioVersion = 16.0.28729.10
MinimumVisualStudioVersion = 10.0.40219.1
Project("{FAE04EC0-301F-11D3-BF4B-00C04F79EFBC}") = "snortcakes", "snortcakes\snortcakes.csproj", "{1A405D7C-539C-4B36-83B3-2DA576F4DF82}"
EndProject
Global
	GlobalSection(SolutionConfigurationPlatforms) = preSolution
		Debug|Any CPU = Debug|Any CPU
		Release|Any CPU = Release|Any CPU
	EndGlobalSection
	GlobalSection(ProjectConfigurationPlatforms) = postSolution
		{1A405D7C-539C-4B36-83B3-2DA576F4DF82}.Debug|Any CPU.ActiveCfg = Debug|Any CPU
		{1A405D7C-539C-4B36-83B3-2DA576F4DF82}.Debug|Any CPU.Build.0 = Debug|Any CPU
		{1A405D7C-539C-4B36-83B3-2DA576F4DF82}.Release|Any CPU.ActiveCfg = Release|Any CPU
		{1A405D7C-539C-4B36-83B3-2DA576F4DF82}.Release|Any CPU.Build.0 = Release|Any CPU
	EndGlobalSection
	GlobalSection(SolutionProperties) = preSolution
		HideSolutionNode = FALSE
	EndGlobalSection
	GlobalSection(ExtensibilityGlobals) = postSolution
		SolutionGuid = {03460F46-6865-41D6-8667-01B512CBF13A}
	EndGlobalSection
EndGlobal
